// !$*UTF8*$!
{
	archiveVersion = 1;
	classes = {
	};
	objectVersion = 46;
	objects = {

/* Begin PBXBuildFile section */
		3ED6BCAF19F7775D00BE7C12 /* PublicConfig.m in Sources */ = {isa = PBXBuildFile; fileRef = 3ED6BCAE19F7775D00BE7C12 /* PublicConfig.m */; };
		3ED6BCB619F7782900BE7C12 /* BaseDataApi.m in Sources */ = {isa = PBXBuildFile; fileRef = 3ED6BCB519F7782900BE7C12 /* BaseDataApi.m */; };
		3ED6BCBA19F778E400BE7C12 /* MBProgressHUD.m in Sources */ = {isa = PBXBuildFile; fileRef = 3ED6BCB919F778E400BE7C12 /* MBProgressHUD.m */; };
		3ED6BCD719F77A0C00BE7C12 /* JSONModel+CoreData.m in Sources */ = {isa = PBXBuildFile; fileRef = 3ED6BCBE19F77A0C00BE7C12 /* JSONModel+CoreData.m */; };
		3ED6BCD819F77A0C00BE7C12 /* JSONModel.m in Sources */ = {isa = PBXBuildFile; fileRef = 3ED6BCC019F77A0C00BE7C12 /* JSONModel.m */; };
		3ED6BCD919F77A0C00BE7C12 /* JSONModelArray.m in Sources */ = {isa = PBXBuildFile; fileRef = 3ED6BCC219F77A0C00BE7C12 /* JSONModelArray.m */; };
		3ED6BCDA19F77A0C00BE7C12 /* JSONModelClassProperty.m in Sources */ = {isa = PBXBuildFile; fileRef = 3ED6BCC419F77A0C00BE7C12 /* JSONModelClassProperty.m */; };
		3ED6BCDB19F77A0C00BE7C12 /* JSONModelError.m in Sources */ = {isa = PBXBuildFile; fileRef = 3ED6BCC619F77A0C00BE7C12 /* JSONModelError.m */; };
		3ED6BCDC19F77A0C00BE7C12 /* NSArray+JSONModel.m in Sources */ = {isa = PBXBuildFile; fileRef = 3ED6BCC919F77A0C00BE7C12 /* NSArray+JSONModel.m */; };
		3ED6BCDD19F77A0C00BE7C12 /* JSONAPI.m in Sources */ = {isa = PBXBuildFile; fileRef = 3ED6BCCD19F77A0C00BE7C12 /* JSONAPI.m */; };
		3ED6BCDE19F77A0C00BE7C12 /* JSONHTTPClient.m in Sources */ = {isa = PBXBuildFile; fileRef = 3ED6BCCF19F77A0C00BE7C12 /* JSONHTTPClient.m */; };
		3ED6BCDF19F77A0C00BE7C12 /* JSONModel+networking.m in Sources */ = {isa = PBXBuildFile; fileRef = 3ED6BCD119F77A0C00BE7C12 /* JSONModel+networking.m */; };
		3ED6BCE019F77A0C00BE7C12 /* JSONKeyMapper.m in Sources */ = {isa = PBXBuildFile; fileRef = 3ED6BCD419F77A0C00BE7C12 /* JSONKeyMapper.m */; };
		3ED6BCE119F77A0C00BE7C12 /* JSONValueTransformer.m in Sources */ = {isa = PBXBuildFile; fileRef = 3ED6BCD619F77A0C00BE7C12 /* JSONValueTransformer.m */; };
		3ED6BD0019F77A3A00BE7C12 /* MKAnnotationView+WebCache.m in Sources */ = {isa = PBXBuildFile; fileRef = 3ED6BCE419F77A3900BE7C12 /* MKAnnotationView+WebCache.m */; };
		3ED6BD0119F77A3A00BE7C12 /* NSData+GIF.m in Sources */ = {isa = PBXBuildFile; fileRef = 3ED6BCE619F77A3900BE7C12 /* NSData+GIF.m */; };
		3ED6BD0219F77A3A00BE7C12 /* SDImageCache.m in Sources */ = {isa = PBXBuildFile; fileRef = 3ED6BCE819F77A3900BE7C12 /* SDImageCache.m */; };
		3ED6BD0319F77A3A00BE7C12 /* SDWebImageCompat.m in Sources */ = {isa = PBXBuildFile; fileRef = 3ED6BCEA19F77A3900BE7C12 /* SDWebImageCompat.m */; };
		3ED6BD0419F77A3A00BE7C12 /* SDWebImageDecoder.m in Sources */ = {isa = PBXBuildFile; fileRef = 3ED6BCEC19F77A3900BE7C12 /* SDWebImageDecoder.m */; };
		3ED6BD0519F77A3A00BE7C12 /* SDWebImageDownloader.m in Sources */ = {isa = PBXBuildFile; fileRef = 3ED6BCEE19F77A3900BE7C12 /* SDWebImageDownloader.m */; };
		3ED6BD0619F77A3A00BE7C12 /* SDWebImageDownloaderOperation.m in Sources */ = {isa = PBXBuildFile; fileRef = 3ED6BCF019F77A3900BE7C12 /* SDWebImageDownloaderOperation.m */; };
		3ED6BD0719F77A3A00BE7C12 /* SDWebImageManager.m in Sources */ = {isa = PBXBuildFile; fileRef = 3ED6BCF219F77A3900BE7C12 /* SDWebImageManager.m */; };
		3ED6BD0819F77A3A00BE7C12 /* SDWebImagePrefetcher.m in Sources */ = {isa = PBXBuildFile; fileRef = 3ED6BCF519F77A3900BE7C12 /* SDWebImagePrefetcher.m */; };
		3ED6BD0919F77A3A00BE7C12 /* UIButton+WebCache.m in Sources */ = {isa = PBXBuildFile; fileRef = 3ED6BCF719F77A3900BE7C12 /* UIButton+WebCache.m */; };
		3ED6BD0A19F77A3A00BE7C12 /* UIImage+GIF.m in Sources */ = {isa = PBXBuildFile; fileRef = 3ED6BCF919F77A3900BE7C12 /* UIImage+GIF.m */; };
		3ED6BD0B19F77A3A00BE7C12 /* UIImage+MultiFormat.m in Sources */ = {isa = PBXBuildFile; fileRef = 3ED6BCFB19F77A3A00BE7C12 /* UIImage+MultiFormat.m */; };
		3ED6BD0C19F77A3A00BE7C12 /* UIImage+WebP.m in Sources */ = {isa = PBXBuildFile; fileRef = 3ED6BCFD19F77A3A00BE7C12 /* UIImage+WebP.m */; };
		3ED6BD0D19F77A3A00BE7C12 /* UIImageView+WebCache.m in Sources */ = {isa = PBXBuildFile; fileRef = 3ED6BCFF19F77A3A00BE7C12 /* UIImageView+WebCache.m */; };
		3ED6BD1319F77B4500BE7C12 /* HYZCustomCell.m in Sources */ = {isa = PBXBuildFile; fileRef = 3ED6BD1019F77B4500BE7C12 /* HYZCustomCell.m */; };
		3ED6BD1419F77B4500BE7C12 /* HYZTableViewCell.m in Sources */ = {isa = PBXBuildFile; fileRef = 3ED6BD1219F77B4500BE7C12 /* HYZTableViewCell.m */; };
		3ED6BD2219F77B5C00BE7C12 /* HYZCustomNavigationController.m in Sources */ = {isa = PBXBuildFile; fileRef = 3ED6BD1619F77B5C00BE7C12 /* HYZCustomNavigationController.m */; };
		3ED6BD2319F77B5C00BE7C12 /* HYZMainViewController.m in Sources */ = {isa = PBXBuildFile; fileRef = 3ED6BD1819F77B5C00BE7C12 /* HYZMainViewController.m */; };
		3ED6BD2419F77B5C00BE7C12 /* HYZMessageViewController.m in Sources */ = {isa = PBXBuildFile; fileRef = 3ED6BD1A19F77B5C00BE7C12 /* HYZMessageViewController.m */; };
		3ED6BD2519F77B5C00BE7C12 /* HYZMineViewController.m in Sources */ = {isa = PBXBuildFile; fileRef = 3ED6BD1C19F77B5C00BE7C12 /* HYZMineViewController.m */; };
		3ED6BD2619F77B5C00BE7C12 /* HYZNearViewController.m in Sources */ = {isa = PBXBuildFile; fileRef = 3ED6BD1E19F77B5C00BE7C12 /* HYZNearViewController.m */; };
		3ED6BD2719F77B5C00BE7C12 /* LoginViewController.m in Sources */ = {isa = PBXBuildFile; fileRef = 3ED6BD2019F77B5C00BE7C12 /* LoginViewController.m */; };
		3ED6BD2819F77B5C00BE7C12 /* LoginViewController.xib in Resources */ = {isa = PBXBuildFile; fileRef = 3ED6BD2119F77B5C00BE7C12 /* LoginViewController.xib */; };
		A884049D19EAAA7B0010E214 /* ic_message_express@2x.png in Resources */ = {isa = PBXBuildFile; fileRef = A884049A19EAAA7B0010E214 /* ic_message_express@2x.png */; };
		A884049E19EAAA7B0010E214 /* ic_message_neaby@2x.png in Resources */ = {isa = PBXBuildFile; fileRef = A884049B19EAAA7B0010E214 /* ic_message_neaby@2x.png */; };
		A884049F19EAAA7B0010E214 /* ic_message_system@2x.png in Resources */ = {isa = PBXBuildFile; fileRef = A884049C19EAAA7B0010E214 /* ic_message_system@2x.png */; };
		A88404A119EAB2E30010E214 /* pic_empty@2x.png in Resources */ = {isa = PBXBuildFile; fileRef = A88404A019EAB2E30010E214 /* pic_empty@2x.png */; };
		A8B9FD8319C722E800007CBB /* small.png in Resources */ = {isa = PBXBuildFile; fileRef = A8B9FD8219C722E800007CBB /* small.png */; };
		A8B9FD8519C7302D00007CBB /* per_seting.png in Resources */ = {isa = PBXBuildFile; fileRef = A8B9FD8419C7302D00007CBB /* per_seting.png */; };
		A8B9FD8819C7308600007CBB /* per_seting@2x.png in Resources */ = {isa = PBXBuildFile; fileRef = A8B9FD8619C7308600007CBB /* per_seting@2x.png */; };
		A8E1366D19C5C2380000BEAA /* Foundation.framework in Frameworks */ = {isa = PBXBuildFile; fileRef = A8E1366C19C5C2380000BEAA /* Foundation.framework */; };
		A8E1366F19C5C2380000BEAA /* CoreGraphics.framework in Frameworks */ = {isa = PBXBuildFile; fileRef = A8E1366E19C5C2380000BEAA /* CoreGraphics.framework */; };
		A8E1367119C5C2380000BEAA /* UIKit.framework in Frameworks */ = {isa = PBXBuildFile; fileRef = A8E1367019C5C2380000BEAA /* UIKit.framework */; };
		A8E1367319C5C2380000BEAA /* CoreData.framework in Frameworks */ = {isa = PBXBuildFile; fileRef = A8E1367219C5C2380000BEAA /* CoreData.framework */; };
		A8E1367919C5C2380000BEAA /* InfoPlist.strings in Resources */ = {isa = PBXBuildFile; fileRef = A8E1367719C5C2380000BEAA /* InfoPlist.strings */; };
		A8E1367B19C5C2380000BEAA /* main.m in Sources */ = {isa = PBXBuildFile; fileRef = A8E1367A19C5C2380000BEAA /* main.m */; };
		A8E1367F19C5C2380000BEAA /* HYZAppDelegate.m in Sources */ = {isa = PBXBuildFile; fileRef = A8E1367E19C5C2380000BEAA /* HYZAppDelegate.m */; };
		A8E1368219C5C2380000BEAA /* MyApp.xcdatamodeld in Sources */ = {isa = PBXBuildFile; fileRef = A8E1368019C5C2380000BEAA /* MyApp.xcdatamodeld */; };
		A8E1368419C5C2380000BEAA /* Images.xcassets in Resources */ = {isa = PBXBuildFile; fileRef = A8E1368319C5C2380000BEAA /* Images.xcassets */; };
		A8E1368B19C5C2380000BEAA /* XCTest.framework in Frameworks */ = {isa = PBXBuildFile; fileRef = A8E1368A19C5C2380000BEAA /* XCTest.framework */; };
		A8E1368C19C5C2380000BEAA /* Foundation.framework in Frameworks */ = {isa = PBXBuildFile; fileRef = A8E1366C19C5C2380000BEAA /* Foundation.framework */; };
		A8E1368D19C5C2380000BEAA /* UIKit.framework in Frameworks */ = {isa = PBXBuildFile; fileRef = A8E1367019C5C2380000BEAA /* UIKit.framework */; };
		A8E1368E19C5C2380000BEAA /* CoreData.framework in Frameworks */ = {isa = PBXBuildFile; fileRef = A8E1367219C5C2380000BEAA /* CoreData.framework */; };
		A8E1369619C5C2380000BEAA /* InfoPlist.strings in Resources */ = {isa = PBXBuildFile; fileRef = A8E1369419C5C2380000BEAA /* InfoPlist.strings */; };
		A8E1369819C5C2380000BEAA /* MyAppTests.m in Sources */ = {isa = PBXBuildFile; fileRef = A8E1369719C5C2380000BEAA /* MyAppTests.m */; };
		A8E136B619C5C8540000BEAA /* icon_1_n.png in Resources */ = {isa = PBXBuildFile; fileRef = A8E136AE19C5C8540000BEAA /* icon_1_n.png */; };
		A8E136B719C5C8540000BEAA /* icon_1_n@2x.png in Resources */ = {isa = PBXBuildFile; fileRef = A8E136AF19C5C8540000BEAA /* icon_1_n@2x.png */; };
		A8E136B819C5C8540000BEAA /* icon_2_n.png in Resources */ = {isa = PBXBuildFile; fileRef = A8E136B019C5C8540000BEAA /* icon_2_n.png */; };
		A8E136B919C5C8540000BEAA /* icon_2_n@2x.png in Resources */ = {isa = PBXBuildFile; fileRef = A8E136B119C5C8540000BEAA /* icon_2_n@2x.png */; };
		A8E136BA19C5C8540000BEAA /* icon_3_n.png in Resources */ = {isa = PBXBuildFile; fileRef = A8E136B219C5C8540000BEAA /* icon_3_n.png */; };
		A8E136BB19C5C8540000BEAA /* icon_3_n@2x.png in Resources */ = {isa = PBXBuildFile; fileRef = A8E136B319C5C8540000BEAA /* icon_3_n@2x.png */; };
		A8E136BC19C5C8540000BEAA /* icon_4_n.png in Resources */ = {isa = PBXBuildFile; fileRef = A8E136B419C5C8540000BEAA /* icon_4_n.png */; };
		A8E136BD19C5C8540000BEAA /* icon_4_n@2x.png in Resources */ = {isa = PBXBuildFile; fileRef = A8E136B519C5C8540000BEAA /* icon_4_n@2x.png */; };
		A8E136C419C5D0EA0000BEAA /* home_titleicon.png in Resources */ = {isa = PBXBuildFile; fileRef = A8E136C319C5D0EA0000BEAA /* home_titleicon.png */; };
		A8E136CB19C5D8F10000BEAA /* home_icon_jounrry.png in Resources */ = {isa = PBXBuildFile; fileRef = A8E136C819C5D8F10000BEAA /* home_icon_jounrry.png */; };
		A8E136CC19C5D8F10000BEAA /* home_icon_picksend.png in Resources */ = {isa = PBXBuildFile; fileRef = A8E136C919C5D8F10000BEAA /* home_icon_picksend.png */; };
		A8E136CD19C5D8F10000BEAA /* home_icon_send.png in Resources */ = {isa = PBXBuildFile; fileRef = A8E136CA19C5D8F10000BEAA /* home_icon_send.png */; };
		A8F63B6F19C738A8009B74FA /* home_logo.png in Resources */ = {isa = PBXBuildFile; fileRef = A8F63B6D19C738A8009B74FA /* home_logo.png */; };
		A8F63B7019C738A8009B74FA /* home_logo@2x.png in Resources */ = {isa = PBXBuildFile; fileRef = A8F63B6E19C738A8009B74FA /* home_logo@2x.png */; };
		A8F63B7319C73AA6009B74FA /* icon_detail_dark@2x.png in Resources */ = {isa = PBXBuildFile; fileRef = A8F63B7119C73AA6009B74FA /* icon_detail_dark@2x.png */; };
		A8F63B7419C73AA6009B74FA /* usercenter_info_arrow@2x.png in Resources */ = {isa = PBXBuildFile; fileRef = A8F63B7219C73AA6009B74FA /* usercenter_info_arrow@2x.png */; };
		A8F63B7919C73C82009B74FA /* per_bg_2.png in Resources */ = {isa = PBXBuildFile; fileRef = A8F63B7819C73C82009B74FA /* per_bg_2.png */; };
		A8F63B7B19C73DCC009B74FA /* per_bg_11.9.png in Resources */ = {isa = PBXBuildFile; fileRef = A8F63B7A19C73DCC009B74FA /* per_bg_11.9.png */; };
		A8F63B8419C74A54009B74FA /* per_mycount.png in Resources */ = {isa = PBXBuildFile; fileRef = A8F63B8119C74A54009B74FA /* per_mycount.png */; };
		A8F63B8519C74A54009B74FA /* per_myorder.png in Resources */ = {isa = PBXBuildFile; fileRef = A8F63B8219C74A54009B74FA /* per_myorder.png */; };
		A8F63B8619C74A54009B74FA /* per_myshop.png in Resources */ = {isa = PBXBuildFile; fileRef = A8F63B8319C74A54009B74FA /* per_myshop.png */; };
		A8F63B8E19C74CB8009B74FA /* per_address.png in Resources */ = {isa = PBXBuildFile; fileRef = A8F63B8719C74CB8009B74FA /* per_address.png */; };
		A8F63B8F19C74CB8009B74FA /* per_apply.png in Resources */ = {isa = PBXBuildFile; fileRef = A8F63B8819C74CB8009B74FA /* per_apply.png */; };
		A8F63B9019C74CB8009B74FA /* per_fenxiang.png in Resources */ = {isa = PBXBuildFile; fileRef = A8F63B8919C74CB8009B74FA /* per_fenxiang.png */; };
		A8F63B9119C74CB8009B74FA /* per_goods.png in Resources */ = {isa = PBXBuildFile; fileRef = A8F63B8A19C74CB8009B74FA /* per_goods.png */; };
		A8F63B9219C74CB8009B74FA /* per_jianyi.png in Resources */ = {isa = PBXBuildFile; fileRef = A8F63B8B19C74CB8009B74FA /* per_jianyi.png */; };
		A8F63B9319C74CB8009B74FA /* per_yaoqin.png in Resources */ = {isa = PBXBuildFile; fileRef = A8F63B8C19C74CB8009B74FA /* per_yaoqin.png */; };
		A8F63B9419C74CB8009B74FA /* usercenter_about@2x.png in Resources */ = {isa = PBXBuildFile; fileRef = A8F63B8D19C74CB8009B74FA /* usercenter_about@2x.png */; };
/* End PBXBuildFile section */

/* Begin PBXContainerItemProxy section */
		A8E1368F19C5C2380000BEAA /* PBXContainerItemProxy */ = {
			isa = PBXContainerItemProxy;
			containerPortal = A8E1366119C5C2380000BEAA /* Project object */;
			proxyType = 1;
			remoteGlobalIDString = A8E1366819C5C2380000BEAA;
			remoteInfo = MyApp;
		};
/* End PBXContainerItemProxy section */

/* Begin PBXFileReference section */
		3ED6BCAD19F7775D00BE7C12 /* PublicConfig.h */ = {isa = PBXFileReference; fileEncoding = 4; lastKnownFileType = sourcecode.c.h; path = PublicConfig.h; sourceTree = "<group>"; };
		3ED6BCAE19F7775D00BE7C12 /* PublicConfig.m */ = {isa = PBXFileReference; fileEncoding = 4; lastKnownFileType = sourcecode.c.objc; path = PublicConfig.m; sourceTree = "<group>"; };
		3ED6BCB119F777DA00BE7C12 /* Define.h */ = {isa = PBXFileReference; fileEncoding = 4; lastKnownFileType = sourcecode.c.h; path = Define.h; sourceTree = "<group>"; };
		3ED6BCB419F7782900BE7C12 /* BaseDataApi.h */ = {isa = PBXFileReference; fileEncoding = 4; lastKnownFileType = sourcecode.c.h; path = BaseDataApi.h; sourceTree = "<group>"; };
		3ED6BCB519F7782900BE7C12 /* BaseDataApi.m */ = {isa = PBXFileReference; fileEncoding = 4; lastKnownFileType = sourcecode.c.objc; path = BaseDataApi.m; sourceTree = "<group>"; };
		3ED6BCB819F778E400BE7C12 /* MBProgressHUD.h */ = {isa = PBXFileReference; fileEncoding = 4; lastKnownFileType = sourcecode.c.h; path = MBProgressHUD.h; sourceTree = "<group>"; };
		3ED6BCB919F778E400BE7C12 /* MBProgressHUD.m */ = {isa = PBXFileReference; fileEncoding = 4; lastKnownFileType = sourcecode.c.objc; path = MBProgressHUD.m; sourceTree = "<group>"; };
		3ED6BCBD19F77A0C00BE7C12 /* JSONModel+CoreData.h */ = {isa = PBXFileReference; fileEncoding = 4; lastKnownFileType = sourcecode.c.h; path = "JSONModel+CoreData.h"; sourceTree = "<group>"; };
		3ED6BCBE19F77A0C00BE7C12 /* JSONModel+CoreData.m */ = {isa = PBXFileReference; fileEncoding = 4; lastKnownFileType = sourcecode.c.objc; path = "JSONModel+CoreData.m"; sourceTree = "<group>"; };
		3ED6BCBF19F77A0C00BE7C12 /* JSONModel.h */ = {isa = PBXFileReference; fileEncoding = 4; lastKnownFileType = sourcecode.c.h; path = JSONModel.h; sourceTree = "<group>"; };
		3ED6BCC019F77A0C00BE7C12 /* JSONModel.m */ = {isa = PBXFileReference; fileEncoding = 4; lastKnownFileType = sourcecode.c.objc; path = JSONModel.m; sourceTree = "<group>"; };
		3ED6BCC119F77A0C00BE7C12 /* JSONModelArray.h */ = {isa = PBXFileReference; fileEncoding = 4; lastKnownFileType = sourcecode.c.h; path = JSONModelArray.h; sourceTree = "<group>"; };
		3ED6BCC219F77A0C00BE7C12 /* JSONModelArray.m */ = {isa = PBXFileReference; fileEncoding = 4; lastKnownFileType = sourcecode.c.objc; path = JSONModelArray.m; sourceTree = "<group>"; };
		3ED6BCC319F77A0C00BE7C12 /* JSONModelClassProperty.h */ = {isa = PBXFileReference; fileEncoding = 4; lastKnownFileType = sourcecode.c.h; path = JSONModelClassProperty.h; sourceTree = "<group>"; };
		3ED6BCC419F77A0C00BE7C12 /* JSONModelClassProperty.m */ = {isa = PBXFileReference; fileEncoding = 4; lastKnownFileType = sourcecode.c.objc; path = JSONModelClassProperty.m; sourceTree = "<group>"; };
		3ED6BCC519F77A0C00BE7C12 /* JSONModelError.h */ = {isa = PBXFileReference; fileEncoding = 4; lastKnownFileType = sourcecode.c.h; path = JSONModelError.h; sourceTree = "<group>"; };
		3ED6BCC619F77A0C00BE7C12 /* JSONModelError.m */ = {isa = PBXFileReference; fileEncoding = 4; lastKnownFileType = sourcecode.c.objc; path = JSONModelError.m; sourceTree = "<group>"; };
		3ED6BCC819F77A0C00BE7C12 /* NSArray+JSONModel.h */ = {isa = PBXFileReference; fileEncoding = 4; lastKnownFileType = sourcecode.c.h; path = "NSArray+JSONModel.h"; sourceTree = "<group>"; };
		3ED6BCC919F77A0C00BE7C12 /* NSArray+JSONModel.m */ = {isa = PBXFileReference; fileEncoding = 4; lastKnownFileType = sourcecode.c.objc; path = "NSArray+JSONModel.m"; sourceTree = "<group>"; };
		3ED6BCCA19F77A0C00BE7C12 /* JSONModelLib.h */ = {isa = PBXFileReference; fileEncoding = 4; lastKnownFileType = sourcecode.c.h; path = JSONModelLib.h; sourceTree = "<group>"; };
		3ED6BCCC19F77A0C00BE7C12 /* JSONAPI.h */ = {isa = PBXFileReference; fileEncoding = 4; lastKnownFileType = sourcecode.c.h; path = JSONAPI.h; sourceTree = "<group>"; };
		3ED6BCCD19F77A0C00BE7C12 /* JSONAPI.m */ = {isa = PBXFileReference; fileEncoding = 4; lastKnownFileType = sourcecode.c.objc; path = JSONAPI.m; sourceTree = "<group>"; };
		3ED6BCCE19F77A0C00BE7C12 /* JSONHTTPClient.h */ = {isa = PBXFileReference; fileEncoding = 4; lastKnownFileType = sourcecode.c.h; path = JSONHTTPClient.h; sourceTree = "<group>"; };
		3ED6BCCF19F77A0C00BE7C12 /* JSONHTTPClient.m */ = {isa = PBXFileReference; fileEncoding = 4; lastKnownFileType = sourcecode.c.objc; path = JSONHTTPClient.m; sourceTree = "<group>"; };
		3ED6BCD019F77A0C00BE7C12 /* JSONModel+networking.h */ = {isa = PBXFileReference; fileEncoding = 4; lastKnownFileType = sourcecode.c.h; path = "JSONModel+networking.h"; sourceTree = "<group>"; };
		3ED6BCD119F77A0C00BE7C12 /* JSONModel+networking.m */ = {isa = PBXFileReference; fileEncoding = 4; lastKnownFileType = sourcecode.c.objc; path = "JSONModel+networking.m"; sourceTree = "<group>"; };
		3ED6BCD319F77A0C00BE7C12 /* JSONKeyMapper.h */ = {isa = PBXFileReference; fileEncoding = 4; lastKnownFileType = sourcecode.c.h; path = JSONKeyMapper.h; sourceTree = "<group>"; };
		3ED6BCD419F77A0C00BE7C12 /* JSONKeyMapper.m */ = {isa = PBXFileReference; fileEncoding = 4; lastKnownFileType = sourcecode.c.objc; path = JSONKeyMapper.m; sourceTree = "<group>"; };
		3ED6BCD519F77A0C00BE7C12 /* JSONValueTransformer.h */ = {isa = PBXFileReference; fileEncoding = 4; lastKnownFileType = sourcecode.c.h; path = JSONValueTransformer.h; sourceTree = "<group>"; };
		3ED6BCD619F77A0C00BE7C12 /* JSONValueTransformer.m */ = {isa = PBXFileReference; fileEncoding = 4; lastKnownFileType = sourcecode.c.objc; path = JSONValueTransformer.m; sourceTree = "<group>"; };
		3ED6BCE319F77A3900BE7C12 /* MKAnnotationView+WebCache.h */ = {isa = PBXFileReference; fileEncoding = 4; lastKnownFileType = sourcecode.c.h; path = "MKAnnotationView+WebCache.h"; sourceTree = "<group>"; };
		3ED6BCE419F77A3900BE7C12 /* MKAnnotationView+WebCache.m */ = {isa = PBXFileReference; fileEncoding = 4; lastKnownFileType = sourcecode.c.objc; path = "MKAnnotationView+WebCache.m"; sourceTree = "<group>"; };
		3ED6BCE519F77A3900BE7C12 /* NSData+GIF.h */ = {isa = PBXFileReference; fileEncoding = 4; lastKnownFileType = sourcecode.c.h; path = "NSData+GIF.h"; sourceTree = "<group>"; };
		3ED6BCE619F77A3900BE7C12 /* NSData+GIF.m */ = {isa = PBXFileReference; fileEncoding = 4; lastKnownFileType = sourcecode.c.objc; path = "NSData+GIF.m"; sourceTree = "<group>"; };
		3ED6BCE719F77A3900BE7C12 /* SDImageCache.h */ = {isa = PBXFileReference; fileEncoding = 4; lastKnownFileType = sourcecode.c.h; path = SDImageCache.h; sourceTree = "<group>"; };
		3ED6BCE819F77A3900BE7C12 /* SDImageCache.m */ = {isa = PBXFileReference; fileEncoding = 4; lastKnownFileType = sourcecode.c.objc; path = SDImageCache.m; sourceTree = "<group>"; };
		3ED6BCE919F77A3900BE7C12 /* SDWebImageCompat.h */ = {isa = PBXFileReference; fileEncoding = 4; lastKnownFileType = sourcecode.c.h; path = SDWebImageCompat.h; sourceTree = "<group>"; };
		3ED6BCEA19F77A3900BE7C12 /* SDWebImageCompat.m */ = {isa = PBXFileReference; fileEncoding = 4; lastKnownFileType = sourcecode.c.objc; path = SDWebImageCompat.m; sourceTree = "<group>"; };
		3ED6BCEB19F77A3900BE7C12 /* SDWebImageDecoder.h */ = {isa = PBXFileReference; fileEncoding = 4; lastKnownFileType = sourcecode.c.h; path = SDWebImageDecoder.h; sourceTree = "<group>"; };
		3ED6BCEC19F77A3900BE7C12 /* SDWebImageDecoder.m */ = {isa = PBXFileReference; fileEncoding = 4; lastKnownFileType = sourcecode.c.objc; path = SDWebImageDecoder.m; sourceTree = "<group>"; };
		3ED6BCED19F77A3900BE7C12 /* SDWebImageDownloader.h */ = {isa = PBXFileReference; fileEncoding = 4; lastKnownFileType = sourcecode.c.h; path = SDWebImageDownloader.h; sourceTree = "<group>"; };
		3ED6BCEE19F77A3900BE7C12 /* SDWebImageDownloader.m */ = {isa = PBXFileReference; fileEncoding = 4; lastKnownFileType = sourcecode.c.objc; path = SDWebImageDownloader.m; sourceTree = "<group>"; };
		3ED6BCEF19F77A3900BE7C12 /* SDWebImageDownloaderOperation.h */ = {isa = PBXFileReference; fileEncoding = 4; lastKnownFileType = sourcecode.c.h; path = SDWebImageDownloaderOperation.h; sourceTree = "<group>"; };
		3ED6BCF019F77A3900BE7C12 /* SDWebImageDownloaderOperation.m */ = {isa = PBXFileReference; fileEncoding = 4; lastKnownFileType = sourcecode.c.objc; path = SDWebImageDownloaderOperation.m; sourceTree = "<group>"; };
		3ED6BCF119F77A3900BE7C12 /* SDWebImageManager.h */ = {isa = PBXFileReference; fileEncoding = 4; lastKnownFileType = sourcecode.c.h; path = SDWebImageManager.h; sourceTree = "<group>"; };
		3ED6BCF219F77A3900BE7C12 /* SDWebImageManager.m */ = {isa = PBXFileReference; fileEncoding = 4; lastKnownFileType = sourcecode.c.objc; path = SDWebImageManager.m; sourceTree = "<group>"; };
		3ED6BCF319F77A3900BE7C12 /* SDWebImageOperation.h */ = {isa = PBXFileReference; fileEncoding = 4; lastKnownFileType = sourcecode.c.h; path = SDWebImageOperation.h; sourceTree = "<group>"; };
		3ED6BCF419F77A3900BE7C12 /* SDWebImagePrefetcher.h */ = {isa = PBXFileReference; fileEncoding = 4; lastKnownFileType = sourcecode.c.h; path = SDWebImagePrefetcher.h; sourceTree = "<group>"; };
		3ED6BCF519F77A3900BE7C12 /* SDWebImagePrefetcher.m */ = {isa = PBXFileReference; fileEncoding = 4; lastKnownFileType = sourcecode.c.objc; path = SDWebImagePrefetcher.m; sourceTree = "<group>"; };
		3ED6BCF619F77A3900BE7C12 /* UIButton+WebCache.h */ = {isa = PBXFileReference; fileEncoding = 4; lastKnownFileType = sourcecode.c.h; path = "UIButton+WebCache.h"; sourceTree = "<group>"; };
		3ED6BCF719F77A3900BE7C12 /* UIButton+WebCache.m */ = {isa = PBXFileReference; fileEncoding = 4; lastKnownFileType = sourcecode.c.objc; path = "UIButton+WebCache.m"; sourceTree = "<group>"; };
		3ED6BCF819F77A3900BE7C12 /* UIImage+GIF.h */ = {isa = PBXFileReference; fileEncoding = 4; lastKnownFileType = sourcecode.c.h; path = "UIImage+GIF.h"; sourceTree = "<group>"; };
		3ED6BCF919F77A3900BE7C12 /* UIImage+GIF.m */ = {isa = PBXFileReference; fileEncoding = 4; lastKnownFileType = sourcecode.c.objc; path = "UIImage+GIF.m"; sourceTree = "<group>"; };
		3ED6BCFA19F77A3900BE7C12 /* UIImage+MultiFormat.h */ = {isa = PBXFileReference; fileEncoding = 4; lastKnownFileType = sourcecode.c.h; path = "UIImage+MultiFormat.h"; sourceTree = "<group>"; };
		3ED6BCFB19F77A3A00BE7C12 /* UIImage+MultiFormat.m */ = {isa = PBXFileReference; fileEncoding = 4; lastKnownFileType = sourcecode.c.objc; path = "UIImage+MultiFormat.m"; sourceTree = "<group>"; };
		3ED6BCFC19F77A3A00BE7C12 /* UIImage+WebP.h */ = {isa = PBXFileReference; fileEncoding = 4; lastKnownFileType = sourcecode.c.h; path = "UIImage+WebP.h"; sourceTree = "<group>"; };
		3ED6BCFD19F77A3A00BE7C12 /* UIImage+WebP.m */ = {isa = PBXFileReference; fileEncoding = 4; lastKnownFileType = sourcecode.c.objc; path = "UIImage+WebP.m"; sourceTree = "<group>"; };
		3ED6BCFE19F77A3A00BE7C12 /* UIImageView+WebCache.h */ = {isa = PBXFileReference; fileEncoding = 4; lastKnownFileType = sourcecode.c.h; path = "UIImageView+WebCache.h"; sourceTree = "<group>"; };
		3ED6BCFF19F77A3A00BE7C12 /* UIImageView+WebCache.m */ = {isa = PBXFileReference; fileEncoding = 4; lastKnownFileType = sourcecode.c.objc; path = "UIImageView+WebCache.m"; sourceTree = "<group>"; };
		3ED6BD0F19F77B4500BE7C12 /* HYZCustomCell.h */ = {isa = PBXFileReference; fileEncoding = 4; lastKnownFileType = sourcecode.c.h; path = HYZCustomCell.h; sourceTree = "<group>"; };
		3ED6BD1019F77B4500BE7C12 /* HYZCustomCell.m */ = {isa = PBXFileReference; fileEncoding = 4; lastKnownFileType = sourcecode.c.objc; path = HYZCustomCell.m; sourceTree = "<group>"; };
		3ED6BD1119F77B4500BE7C12 /* HYZTableViewCell.h */ = {isa = PBXFileReference; fileEncoding = 4; lastKnownFileType = sourcecode.c.h; path = HYZTableViewCell.h; sourceTree = "<group>"; };
		3ED6BD1219F77B4500BE7C12 /* HYZTableViewCell.m */ = {isa = PBXFileReference; fileEncoding = 4; lastKnownFileType = sourcecode.c.objc; path = HYZTableViewCell.m; sourceTree = "<group>"; };
		3ED6BD1519F77B5C00BE7C12 /* HYZCustomNavigationController.h */ = {isa = PBXFileReference; fileEncoding = 4; lastKnownFileType = sourcecode.c.h; path = HYZCustomNavigationController.h; sourceTree = "<group>"; };
		3ED6BD1619F77B5C00BE7C12 /* HYZCustomNavigationController.m */ = {isa = PBXFileReference; fileEncoding = 4; lastKnownFileType = sourcecode.c.objc; path = HYZCustomNavigationController.m; sourceTree = "<group>"; };
		3ED6BD1719F77B5C00BE7C12 /* HYZMainViewController.h */ = {isa = PBXFileReference; fileEncoding = 4; lastKnownFileType = sourcecode.c.h; path = HYZMainViewController.h; sourceTree = "<group>"; };
		3ED6BD1819F77B5C00BE7C12 /* HYZMainViewController.m */ = {isa = PBXFileReference; fileEncoding = 4; lastKnownFileType = sourcecode.c.objc; path = HYZMainViewController.m; sourceTree = "<group>"; };
		3ED6BD1919F77B5C00BE7C12 /* HYZMessageViewController.h */ = {isa = PBXFileReference; fileEncoding = 4; lastKnownFileType = sourcecode.c.h; path = HYZMessageViewController.h; sourceTree = "<group>"; };
		3ED6BD1A19F77B5C00BE7C12 /* HYZMessageViewController.m */ = {isa = PBXFileReference; fileEncoding = 4; lastKnownFileType = sourcecode.c.objc; path = HYZMessageViewController.m; sourceTree = "<group>"; };
		3ED6BD1B19F77B5C00BE7C12 /* HYZMineViewController.h */ = {isa = PBXFileReference; fileEncoding = 4; lastKnownFileType = sourcecode.c.h; path = HYZMineViewController.h; sourceTree = "<group>"; };
		3ED6BD1C19F77B5C00BE7C12 /* HYZMineViewController.m */ = {isa = PBXFileReference; fileEncoding = 4; lastKnownFileType = sourcecode.c.objc; path = HYZMineViewController.m; sourceTree = "<group>"; };
		3ED6BD1D19F77B5C00BE7C12 /* HYZNearViewController.h */ = {isa = PBXFileReference; fileEncoding = 4; lastKnownFileType = sourcecode.c.h; path = HYZNearViewController.h; sourceTree = "<group>"; };
		3ED6BD1E19F77B5C00BE7C12 /* HYZNearViewController.m */ = {isa = PBXFileReference; fileEncoding = 4; lastKnownFileType = sourcecode.c.objc; path = HYZNearViewController.m; sourceTree = "<group>"; };
		3ED6BD1F19F77B5C00BE7C12 /* LoginViewController.h */ = {isa = PBXFileReference; fileEncoding = 4; lastKnownFileType = sourcecode.c.h; path = LoginViewController.h; sourceTree = "<group>"; };
		3ED6BD2019F77B5C00BE7C12 /* LoginViewController.m */ = {isa = PBXFileReference; fileEncoding = 4; lastKnownFileType = sourcecode.c.objc; path = LoginViewController.m; sourceTree = "<group>"; };
		3ED6BD2119F77B5C00BE7C12 /* LoginViewController.xib */ = {isa = PBXFileReference; fileEncoding = 4; lastKnownFileType = file.xib; path = LoginViewController.xib; sourceTree = "<group>"; };
		A884049A19EAAA7B0010E214 /* ic_message_express@2x.png */ = {isa = PBXFileReference; lastKnownFileType = image.png; path = "ic_message_express@2x.png"; sourceTree = "<group>"; };
		A884049B19EAAA7B0010E214 /* ic_message_neaby@2x.png */ = {isa = PBXFileReference; lastKnownFileType = image.png; path = "ic_message_neaby@2x.png"; sourceTree = "<group>"; };
		A884049C19EAAA7B0010E214 /* ic_message_system@2x.png */ = {isa = PBXFileReference; lastKnownFileType = image.png; path = "ic_message_system@2x.png"; sourceTree = "<group>"; };
		A88404A019EAB2E30010E214 /* pic_empty@2x.png */ = {isa = PBXFileReference; lastKnownFileType = image.png; path = "pic_empty@2x.png"; sourceTree = "<group>"; };
		A8B9FD8219C722E800007CBB /* small.png */ = {isa = PBXFileReference; lastKnownFileType = image.png; path = small.png; sourceTree = "<group>"; };
		A8B9FD8419C7302D00007CBB /* per_seting.png */ = {isa = PBXFileReference; lastKnownFileType = image.png; path = per_seting.png; sourceTree = "<group>"; };
		A8B9FD8619C7308600007CBB /* per_seting@2x.png */ = {isa = PBXFileReference; lastKnownFileType = image.png; path = "per_seting@2x.png"; sourceTree = "<group>"; };
		A8E1366919C5C2380000BEAA /* MyApp.app */ = {isa = PBXFileReference; explicitFileType = wrapper.application; includeInIndex = 0; path = MyApp.app; sourceTree = BUILT_PRODUCTS_DIR; };
		A8E1366C19C5C2380000BEAA /* Foundation.framework */ = {isa = PBXFileReference; lastKnownFileType = wrapper.framework; name = Foundation.framework; path = System/Library/Frameworks/Foundation.framework; sourceTree = SDKROOT; };
		A8E1366E19C5C2380000BEAA /* CoreGraphics.framework */ = {isa = PBXFileReference; lastKnownFileType = wrapper.framework; name = CoreGraphics.framework; path = System/Library/Frameworks/CoreGraphics.framework; sourceTree = SDKROOT; };
		A8E1367019C5C2380000BEAA /* UIKit.framework */ = {isa = PBXFileReference; lastKnownFileType = wrapper.framework; name = UIKit.framework; path = System/Library/Frameworks/UIKit.framework; sourceTree = SDKROOT; };
		A8E1367219C5C2380000BEAA /* CoreData.framework */ = {isa = PBXFileReference; lastKnownFileType = wrapper.framework; name = CoreData.framework; path = System/Library/Frameworks/CoreData.framework; sourceTree = SDKROOT; };
		A8E1367619C5C2380000BEAA /* MyApp-Info.plist */ = {isa = PBXFileReference; lastKnownFileType = text.plist.xml; path = "MyApp-Info.plist"; sourceTree = "<group>"; };
		A8E1367819C5C2380000BEAA /* en */ = {isa = PBXFileReference; lastKnownFileType = text.plist.strings; name = en; path = en.lproj/InfoPlist.strings; sourceTree = "<group>"; };
		A8E1367A19C5C2380000BEAA /* main.m */ = {isa = PBXFileReference; lastKnownFileType = sourcecode.c.objc; path = main.m; sourceTree = "<group>"; };
		A8E1367C19C5C2380000BEAA /* MyApp-Prefix.pch */ = {isa = PBXFileReference; lastKnownFileType = sourcecode.c.h; path = "MyApp-Prefix.pch"; sourceTree = "<group>"; };
		A8E1367D19C5C2380000BEAA /* HYZAppDelegate.h */ = {isa = PBXFileReference; lastKnownFileType = sourcecode.c.h; path = HYZAppDelegate.h; sourceTree = "<group>"; };
		A8E1367E19C5C2380000BEAA /* HYZAppDelegate.m */ = {isa = PBXFileReference; lastKnownFileType = sourcecode.c.objc; path = HYZAppDelegate.m; sourceTree = "<group>"; };
		A8E1368119C5C2380000BEAA /* MyApp.xcdatamodel */ = {isa = PBXFileReference; lastKnownFileType = wrapper.xcdatamodel; path = MyApp.xcdatamodel; sourceTree = "<group>"; };
		A8E1368319C5C2380000BEAA /* Images.xcassets */ = {isa = PBXFileReference; lastKnownFileType = folder.assetcatalog; path = Images.xcassets; sourceTree = "<group>"; };
		A8E1368919C5C2380000BEAA /* MyAppTests.xctest */ = {isa = PBXFileReference; explicitFileType = wrapper.cfbundle; includeInIndex = 0; path = MyAppTests.xctest; sourceTree = BUILT_PRODUCTS_DIR; };
		A8E1368A19C5C2380000BEAA /* XCTest.framework */ = {isa = PBXFileReference; lastKnownFileType = wrapper.framework; name = XCTest.framework; path = Library/Frameworks/XCTest.framework; sourceTree = DEVELOPER_DIR; };
		A8E1369319C5C2380000BEAA /* MyAppTests-Info.plist */ = {isa = PBXFileReference; lastKnownFileType = text.plist.xml; path = "MyAppTests-Info.plist"; sourceTree = "<group>"; };
		A8E1369519C5C2380000BEAA /* en */ = {isa = PBXFileReference; lastKnownFileType = text.plist.strings; name = en; path = en.lproj/InfoPlist.strings; sourceTree = "<group>"; };
		A8E1369719C5C2380000BEAA /* MyAppTests.m */ = {isa = PBXFileReference; lastKnownFileType = sourcecode.c.objc; path = MyAppTests.m; sourceTree = "<group>"; };
		A8E136AE19C5C8540000BEAA /* icon_1_n.png */ = {isa = PBXFileReference; lastKnownFileType = image.png; path = icon_1_n.png; sourceTree = "<group>"; };
		A8E136AF19C5C8540000BEAA /* icon_1_n@2x.png */ = {isa = PBXFileReference; lastKnownFileType = image.png; path = "icon_1_n@2x.png"; sourceTree = "<group>"; };
		A8E136B019C5C8540000BEAA /* icon_2_n.png */ = {isa = PBXFileReference; lastKnownFileType = image.png; path = icon_2_n.png; sourceTree = "<group>"; };
		A8E136B119C5C8540000BEAA /* icon_2_n@2x.png */ = {isa = PBXFileReference; lastKnownFileType = image.png; path = "icon_2_n@2x.png"; sourceTree = "<group>"; };
		A8E136B219C5C8540000BEAA /* icon_3_n.png */ = {isa = PBXFileReference; lastKnownFileType = image.png; path = icon_3_n.png; sourceTree = "<group>"; };
		A8E136B319C5C8540000BEAA /* icon_3_n@2x.png */ = {isa = PBXFileReference; lastKnownFileType = image.png; path = "icon_3_n@2x.png"; sourceTree = "<group>"; };
		A8E136B419C5C8540000BEAA /* icon_4_n.png */ = {isa = PBXFileReference; lastKnownFileType = image.png; path = icon_4_n.png; sourceTree = "<group>"; };
		A8E136B519C5C8540000BEAA /* icon_4_n@2x.png */ = {isa = PBXFileReference; lastKnownFileType = image.png; path = "icon_4_n@2x.png"; sourceTree = "<group>"; };
		A8E136C319C5D0EA0000BEAA /* home_titleicon.png */ = {isa = PBXFileReference; lastKnownFileType = image.png; path = home_titleicon.png; sourceTree = "<group>"; };
		A8E136C819C5D8F10000BEAA /* home_icon_jounrry.png */ = {isa = PBXFileReference; lastKnownFileType = image.png; path = home_icon_jounrry.png; sourceTree = "<group>"; };
		A8E136C919C5D8F10000BEAA /* home_icon_picksend.png */ = {isa = PBXFileReference; lastKnownFileType = image.png; path = home_icon_picksend.png; sourceTree = "<group>"; };
		A8E136CA19C5D8F10000BEAA /* home_icon_send.png */ = {isa = PBXFileReference; lastKnownFileType = image.png; path = home_icon_send.png; sourceTree = "<group>"; };
		A8F63B6D19C738A8009B74FA /* home_logo.png */ = {isa = PBXFileReference; lastKnownFileType = image.png; path = home_logo.png; sourceTree = "<group>"; };
		A8F63B6E19C738A8009B74FA /* home_logo@2x.png */ = {isa = PBXFileReference; lastKnownFileType = image.png; path = "home_logo@2x.png"; sourceTree = "<group>"; };
		A8F63B7119C73AA6009B74FA /* icon_detail_dark@2x.png */ = {isa = PBXFileReference; lastKnownFileType = image.png; path = "icon_detail_dark@2x.png"; sourceTree = "<group>"; };
		A8F63B7219C73AA6009B74FA /* usercenter_info_arrow@2x.png */ = {isa = PBXFileReference; lastKnownFileType = image.png; path = "usercenter_info_arrow@2x.png"; sourceTree = "<group>"; };
		A8F63B7819C73C82009B74FA /* per_bg_2.png */ = {isa = PBXFileReference; lastKnownFileType = image.png; path = per_bg_2.png; sourceTree = "<group>"; };
		A8F63B7A19C73DCC009B74FA /* per_bg_11.9.png */ = {isa = PBXFileReference; lastKnownFileType = image.png; path = per_bg_11.9.png; sourceTree = "<group>"; };
		A8F63B8119C74A54009B74FA /* per_mycount.png */ = {isa = PBXFileReference; lastKnownFileType = image.png; path = per_mycount.png; sourceTree = "<group>"; };
		A8F63B8219C74A54009B74FA /* per_myorder.png */ = {isa = PBXFileReference; lastKnownFileType = image.png; path = per_myorder.png; sourceTree = "<group>"; };
		A8F63B8319C74A54009B74FA /* per_myshop.png */ = {isa = PBXFileReference; lastKnownFileType = image.png; path = per_myshop.png; sourceTree = "<group>"; };
		A8F63B8719C74CB8009B74FA /* per_address.png */ = {isa = PBXFileReference; lastKnownFileType = image.png; path = per_address.png; sourceTree = "<group>"; };
		A8F63B8819C74CB8009B74FA /* per_apply.png */ = {isa = PBXFileReference; lastKnownFileType = image.png; path = per_apply.png; sourceTree = "<group>"; };
		A8F63B8919C74CB8009B74FA /* per_fenxiang.png */ = {isa = PBXFileReference; lastKnownFileType = image.png; path = per_fenxiang.png; sourceTree = "<group>"; };
		A8F63B8A19C74CB8009B74FA /* per_goods.png */ = {isa = PBXFileReference; lastKnownFileType = image.png; path = per_goods.png; sourceTree = "<group>"; };
		A8F63B8B19C74CB8009B74FA /* per_jianyi.png */ = {isa = PBXFileReference; lastKnownFileType = image.png; path = per_jianyi.png; sourceTree = "<group>"; };
		A8F63B8C19C74CB8009B74FA /* per_yaoqin.png */ = {isa = PBXFileReference; lastKnownFileType = image.png; path = per_yaoqin.png; sourceTree = "<group>"; };
		A8F63B8D19C74CB8009B74FA /* usercenter_about@2x.png */ = {isa = PBXFileReference; lastKnownFileType = image.png; path = "usercenter_about@2x.png"; sourceTree = "<group>"; };
/* End PBXFileReference section */

/* Begin PBXFrameworksBuildPhase section */
		A8E1366619C5C2380000BEAA /* Frameworks */ = {
			isa = PBXFrameworksBuildPhase;
			buildActionMask = 2147483647;
			files = (
				A8E1366F19C5C2380000BEAA /* CoreGraphics.framework in Frameworks */,
				A8E1367319C5C2380000BEAA /* CoreData.framework in Frameworks */,
				A8E1367119C5C2380000BEAA /* UIKit.framework in Frameworks */,
				A8E1366D19C5C2380000BEAA /* Foundation.framework in Frameworks */,
			);
			runOnlyForDeploymentPostprocessing = 0;
		};
		A8E1368619C5C2380000BEAA /* Frameworks */ = {
			isa = PBXFrameworksBuildPhase;
			buildActionMask = 2147483647;
			files = (
				A8E1368B19C5C2380000BEAA /* XCTest.framework in Frameworks */,
				A8E1368E19C5C2380000BEAA /* CoreData.framework in Frameworks */,
				A8E1368D19C5C2380000BEAA /* UIKit.framework in Frameworks */,
				A8E1368C19C5C2380000BEAA /* Foundation.framework in Frameworks */,
			);
			runOnlyForDeploymentPostprocessing = 0;
		};
/* End PBXFrameworksBuildPhase section */

/* Begin PBXGroup section */
		3ED6BCA819F776CC00BE7C12 /* Libs */ = {
			isa = PBXGroup;
			children = (
				3ED6BCE219F77A3900BE7C12 /* SDWebImage */,
				3ED6BCBB19F77A0C00BE7C12 /* JSONModel */,
				3ED6BCB719F778E400BE7C12 /* MBProgressHUD */,
			);
			name = Libs;
			path = Lib;
			sourceTree = "<group>";
		};
		3ED6BCA919F776DE00BE7C12 /* Entity */ = {
			isa = PBXGroup;
			children = (
			);
			path = Entity;
			sourceTree = "<group>";
		};
		3ED6BCAA19F776EB00BE7C12 /* Model */ = {
			isa = PBXGroup;
			children = (
			);
			path = Model;
			sourceTree = "<group>";
		};
		3ED6BCAB19F7770300BE7C12 /* ToolKit */ = {
			isa = PBXGroup;
			children = (
				3ED6BD0F19F77B4500BE7C12 /* HYZCustomCell.h */,
				3ED6BD1019F77B4500BE7C12 /* HYZCustomCell.m */,
				3ED6BD1119F77B4500BE7C12 /* HYZTableViewCell.h */,
				3ED6BD1219F77B4500BE7C12 /* HYZTableViewCell.m */,
			);
			path = ToolKit;
			sourceTree = "<group>";
		};
		3ED6BCAC19F7773C00BE7C12 /* PublicConfig */ = {
			isa = PBXGroup;
			children = (
				3ED6BCAD19F7775D00BE7C12 /* PublicConfig.h */,
				3ED6BCAE19F7775D00BE7C12 /* PublicConfig.m */,
			);
			path = PublicConfig;
			sourceTree = "<group>";
		};
		3ED6BCB019F7779C00BE7C12 /* NetWorking */ = {
			isa = PBXGroup;
			children = (
				3ED6BCB119F777DA00BE7C12 /* Define.h */,
				3ED6BCB419F7782900BE7C12 /* BaseDataApi.h */,
				3ED6BCB519F7782900BE7C12 /* BaseDataApi.m */,
			);
			path = NetWorking;
			sourceTree = "<group>";
		};
		3ED6BCB719F778E400BE7C12 /* MBProgressHUD */ = {
			isa = PBXGroup;
			children = (
				3ED6BCB819F778E400BE7C12 /* MBProgressHUD.h */,
				3ED6BCB919F778E400BE7C12 /* MBProgressHUD.m */,
			);
			path = MBProgressHUD;
			sourceTree = "<group>";
		};
		3ED6BCBB19F77A0C00BE7C12 /* JSONModel */ = {
			isa = PBXGroup;
			children = (
				3ED6BCBC19F77A0C00BE7C12 /* JSONModel */,
				3ED6BCC719F77A0C00BE7C12 /* JSONModelCategories */,
				3ED6BCCA19F77A0C00BE7C12 /* JSONModelLib.h */,
				3ED6BCCB19F77A0C00BE7C12 /* JSONModelNetworking */,
				3ED6BCD219F77A0C00BE7C12 /* JSONModelTransformations */,
			);
			path = JSONModel;
			sourceTree = "<group>";
		};
		3ED6BCBC19F77A0C00BE7C12 /* JSONModel */ = {
			isa = PBXGroup;
			children = (
				3ED6BCBD19F77A0C00BE7C12 /* JSONModel+CoreData.h */,
				3ED6BCBE19F77A0C00BE7C12 /* JSONModel+CoreData.m */,
				3ED6BCBF19F77A0C00BE7C12 /* JSONModel.h */,
				3ED6BCC019F77A0C00BE7C12 /* JSONModel.m */,
				3ED6BCC119F77A0C00BE7C12 /* JSONModelArray.h */,
				3ED6BCC219F77A0C00BE7C12 /* JSONModelArray.m */,
				3ED6BCC319F77A0C00BE7C12 /* JSONModelClassProperty.h */,
				3ED6BCC419F77A0C00BE7C12 /* JSONModelClassProperty.m */,
				3ED6BCC519F77A0C00BE7C12 /* JSONModelError.h */,
				3ED6BCC619F77A0C00BE7C12 /* JSONModelError.m */,
			);
			path = JSONModel;
			sourceTree = "<group>";
		};
		3ED6BCC719F77A0C00BE7C12 /* JSONModelCategories */ = {
			isa = PBXGroup;
			children = (
				3ED6BCC819F77A0C00BE7C12 /* NSArray+JSONModel.h */,
				3ED6BCC919F77A0C00BE7C12 /* NSArray+JSONModel.m */,
			);
			path = JSONModelCategories;
			sourceTree = "<group>";
		};
		3ED6BCCB19F77A0C00BE7C12 /* JSONModelNetworking */ = {
			isa = PBXGroup;
			children = (
				3ED6BCCC19F77A0C00BE7C12 /* JSONAPI.h */,
				3ED6BCCD19F77A0C00BE7C12 /* JSONAPI.m */,
				3ED6BCCE19F77A0C00BE7C12 /* JSONHTTPClient.h */,
				3ED6BCCF19F77A0C00BE7C12 /* JSONHTTPClient.m */,
				3ED6BCD019F77A0C00BE7C12 /* JSONModel+networking.h */,
				3ED6BCD119F77A0C00BE7C12 /* JSONModel+networking.m */,
			);
			path = JSONModelNetworking;
			sourceTree = "<group>";
		};
		3ED6BCD219F77A0C00BE7C12 /* JSONModelTransformations */ = {
			isa = PBXGroup;
			children = (
				3ED6BCD319F77A0C00BE7C12 /* JSONKeyMapper.h */,
				3ED6BCD419F77A0C00BE7C12 /* JSONKeyMapper.m */,
				3ED6BCD519F77A0C00BE7C12 /* JSONValueTransformer.h */,
				3ED6BCD619F77A0C00BE7C12 /* JSONValueTransformer.m */,
			);
			path = JSONModelTransformations;
			sourceTree = "<group>";
		};
		3ED6BCE219F77A3900BE7C12 /* SDWebImage */ = {
			isa = PBXGroup;
			children = (
				3ED6BCE319F77A3900BE7C12 /* MKAnnotationView+WebCache.h */,
				3ED6BCE419F77A3900BE7C12 /* MKAnnotationView+WebCache.m */,
				3ED6BCE519F77A3900BE7C12 /* NSData+GIF.h */,
				3ED6BCE619F77A3900BE7C12 /* NSData+GIF.m */,
				3ED6BCE719F77A3900BE7C12 /* SDImageCache.h */,
				3ED6BCE819F77A3900BE7C12 /* SDImageCache.m */,
				3ED6BCE919F77A3900BE7C12 /* SDWebImageCompat.h */,
				3ED6BCEA19F77A3900BE7C12 /* SDWebImageCompat.m */,
				3ED6BCEB19F77A3900BE7C12 /* SDWebImageDecoder.h */,
				3ED6BCEC19F77A3900BE7C12 /* SDWebImageDecoder.m */,
				3ED6BCED19F77A3900BE7C12 /* SDWebImageDownloader.h */,
				3ED6BCEE19F77A3900BE7C12 /* SDWebImageDownloader.m */,
				3ED6BCEF19F77A3900BE7C12 /* SDWebImageDownloaderOperation.h */,
				3ED6BCF019F77A3900BE7C12 /* SDWebImageDownloaderOperation.m */,
				3ED6BCF119F77A3900BE7C12 /* SDWebImageManager.h */,
				3ED6BCF219F77A3900BE7C12 /* SDWebImageManager.m */,
				3ED6BCF319F77A3900BE7C12 /* SDWebImageOperation.h */,
				3ED6BCF419F77A3900BE7C12 /* SDWebImagePrefetcher.h */,
				3ED6BCF519F77A3900BE7C12 /* SDWebImagePrefetcher.m */,
				3ED6BCF619F77A3900BE7C12 /* UIButton+WebCache.h */,
				3ED6BCF719F77A3900BE7C12 /* UIButton+WebCache.m */,
				3ED6BCF819F77A3900BE7C12 /* UIImage+GIF.h */,
				3ED6BCF919F77A3900BE7C12 /* UIImage+GIF.m */,
				3ED6BCFA19F77A3900BE7C12 /* UIImage+MultiFormat.h */,
				3ED6BCFB19F77A3A00BE7C12 /* UIImage+MultiFormat.m */,
				3ED6BCFC19F77A3A00BE7C12 /* UIImage+WebP.h */,
				3ED6BCFD19F77A3A00BE7C12 /* UIImage+WebP.m */,
				3ED6BCFE19F77A3A00BE7C12 /* UIImageView+WebCache.h */,
				3ED6BCFF19F77A3A00BE7C12 /* UIImageView+WebCache.m */,
			);
			path = SDWebImage;
			sourceTree = "<group>";
		};
		3ED6BD0E19F77AAE00BE7C12 /* ViewControllers */ = {
			isa = PBXGroup;
			children = (
				3ED6BD1519F77B5C00BE7C12 /* HYZCustomNavigationController.h */,
				3ED6BD1619F77B5C00BE7C12 /* HYZCustomNavigationController.m */,
				3ED6BD1719F77B5C00BE7C12 /* HYZMainViewController.h */,
				3ED6BD1819F77B5C00BE7C12 /* HYZMainViewController.m */,
				3ED6BD1919F77B5C00BE7C12 /* HYZMessageViewController.h */,
				3ED6BD1A19F77B5C00BE7C12 /* HYZMessageViewController.m */,
				3ED6BD1B19F77B5C00BE7C12 /* HYZMineViewController.h */,
				3ED6BD1C19F77B5C00BE7C12 /* HYZMineViewController.m */,
				3ED6BD1D19F77B5C00BE7C12 /* HYZNearViewController.h */,
				3ED6BD1E19F77B5C00BE7C12 /* HYZNearViewController.m */,
				3ED6BD1F19F77B5C00BE7C12 /* LoginViewController.h */,
				3ED6BD2019F77B5C00BE7C12 /* LoginViewController.m */,
				3ED6BD2119F77B5C00BE7C12 /* LoginViewController.xib */,
			);
			path = ViewControllers;
			sourceTree = "<group>";
		};
		A8E1366019C5C2380000BEAA = {
			isa = PBXGroup;
			children = (
				A8E1367419C5C2380000BEAA /* MyApp */,
				A8E1369119C5C2380000BEAA /* MyAppTests */,
				A8E1366B19C5C2380000BEAA /* Frameworks */,
				A8E1366A19C5C2380000BEAA /* Products */,
			);
			sourceTree = "<group>";
		};
		A8E1366A19C5C2380000BEAA /* Products */ = {
			isa = PBXGroup;
			children = (
				A8E1366919C5C2380000BEAA /* MyApp.app */,
				A8E1368919C5C2380000BEAA /* MyAppTests.xctest */,
			);
			name = Products;
			sourceTree = "<group>";
		};
		A8E1366B19C5C2380000BEAA /* Frameworks */ = {
			isa = PBXGroup;
			children = (
				A8E1366C19C5C2380000BEAA /* Foundation.framework */,
				A8E1366E19C5C2380000BEAA /* CoreGraphics.framework */,
				A8E1367019C5C2380000BEAA /* UIKit.framework */,
				A8E1367219C5C2380000BEAA /* CoreData.framework */,
				A8E1368A19C5C2380000BEAA /* XCTest.framework */,
			);
			name = Frameworks;
			sourceTree = "<group>";
		};
		A8E1367419C5C2380000BEAA /* MyApp */ = {
			isa = PBXGroup;
			children = (
				3ED6BCB019F7779C00BE7C12 /* NetWorking */,
				3ED6BCAC19F7773C00BE7C12 /* PublicConfig */,
				3ED6BCAB19F7770300BE7C12 /* ToolKit */,
				3ED6BCAA19F776EB00BE7C12 /* Model */,
				3ED6BCA919F776DE00BE7C12 /* Entity */,
				3ED6BCA819F776CC00BE7C12 /* Libs */,
				A8E136AD19C5C8540000BEAA /* Images */,
				3ED6BD0E19F77AAE00BE7C12 /* ViewControllers */,
				A8E1367D19C5C2380000BEAA /* HYZAppDelegate.h */,
				A8E1367E19C5C2380000BEAA /* HYZAppDelegate.m */,
				A8E1368319C5C2380000BEAA /* Images.xcassets */,
				A8E1368019C5C2380000BEAA /* MyApp.xcdatamodeld */,
				A8E1367519C5C2380000BEAA /* Supporting Files */,
			);
			path = MyApp;
			sourceTree = "<group>";
		};
		A8E1367519C5C2380000BEAA /* Supporting Files */ = {
			isa = PBXGroup;
			children = (
				A8E1367619C5C2380000BEAA /* MyApp-Info.plist */,
				A8E1367719C5C2380000BEAA /* InfoPlist.strings */,
				A8E1367A19C5C2380000BEAA /* main.m */,
				A8E1367C19C5C2380000BEAA /* MyApp-Prefix.pch */,
			);
			name = "Supporting Files";
			sourceTree = "<group>";
		};
		A8E1369119C5C2380000BEAA /* MyAppTests */ = {
			isa = PBXGroup;
			children = (
				A8E1369719C5C2380000BEAA /* MyAppTests.m */,
				A8E1369219C5C2380000BEAA /* Supporting Files */,
			);
			path = MyAppTests;
			sourceTree = "<group>";
		};
		A8E1369219C5C2380000BEAA /* Supporting Files */ = {
			isa = PBXGroup;
			children = (
				A8E1369319C5C2380000BEAA /* MyAppTests-Info.plist */,
				A8E1369419C5C2380000BEAA /* InfoPlist.strings */,
			);
			name = "Supporting Files";
			sourceTree = "<group>";
		};
		A8E136AD19C5C8540000BEAA /* Images */ = {
			isa = PBXGroup;
			children = (
				A88404A019EAB2E30010E214 /* pic_empty@2x.png */,
				A884049A19EAAA7B0010E214 /* ic_message_express@2x.png */,
				A884049B19EAAA7B0010E214 /* ic_message_neaby@2x.png */,
				A884049C19EAAA7B0010E214 /* ic_message_system@2x.png */,
				A8F63B7A19C73DCC009B74FA /* per_bg_11.9.png */,
				A8F63B7819C73C82009B74FA /* per_bg_2.png */,
				A8F63B7119C73AA6009B74FA /* icon_detail_dark@2x.png */,
				A8F63B7219C73AA6009B74FA /* usercenter_info_arrow@2x.png */,
				A8F63B6D19C738A8009B74FA /* home_logo.png */,
				A8F63B6E19C738A8009B74FA /* home_logo@2x.png */,
				A8B9FD8419C7302D00007CBB /* per_seting.png */,
				A8B9FD8619C7308600007CBB /* per_seting@2x.png */,
				A8B9FD8219C722E800007CBB /* small.png */,
				A8E136C819C5D8F10000BEAA /* home_icon_jounrry.png */,
				A8E136C919C5D8F10000BEAA /* home_icon_picksend.png */,
				A8E136CA19C5D8F10000BEAA /* home_icon_send.png */,
				A8E136C319C5D0EA0000BEAA /* home_titleicon.png */,
				A8E136AE19C5C8540000BEAA /* icon_1_n.png */,
				A8E136AF19C5C8540000BEAA /* icon_1_n@2x.png */,
				A8E136B019C5C8540000BEAA /* icon_2_n.png */,
				A8E136B119C5C8540000BEAA /* icon_2_n@2x.png */,
				A8E136B219C5C8540000BEAA /* icon_3_n.png */,
				A8E136B319C5C8540000BEAA /* icon_3_n@2x.png */,
				A8E136B419C5C8540000BEAA /* icon_4_n.png */,
				A8E136B519C5C8540000BEAA /* icon_4_n@2x.png */,
				A8F63B8119C74A54009B74FA /* per_mycount.png */,
				A8F63B8219C74A54009B74FA /* per_myorder.png */,
				A8F63B8319C74A54009B74FA /* per_myshop.png */,
				A8F63B8819C74CB8009B74FA /* per_apply.png */,
				A8F63B8719C74CB8009B74FA /* per_address.png */,
				A8F63B8A19C74CB8009B74FA /* per_goods.png */,
				A8F63B8C19C74CB8009B74FA /* per_yaoqin.png */,
				A8F63B8919C74CB8009B74FA /* per_fenxiang.png */,
				A8F63B8B19C74CB8009B74FA /* per_jianyi.png */,
				A8F63B8D19C74CB8009B74FA /* usercenter_about@2x.png */,
			);
			path = Images;
			sourceTree = SOURCE_ROOT;
		};
/* End PBXGroup section */

/* Begin PBXNativeTarget section */
		A8E1366819C5C2380000BEAA /* MyApp */ = {
			isa = PBXNativeTarget;
			buildConfigurationList = A8E1369B19C5C2380000BEAA /* Build configuration list for PBXNativeTarget "MyApp" */;
			buildPhases = (
				A8E1366519C5C2380000BEAA /* Sources */,
				A8E1366619C5C2380000BEAA /* Frameworks */,
				A8E1366719C5C2380000BEAA /* Resources */,
			);
			buildRules = (
			);
			dependencies = (
			);
			name = MyApp;
			productName = MyApp;
			productReference = A8E1366919C5C2380000BEAA /* MyApp.app */;
			productType = "com.apple.product-type.application";
		};
		A8E1368819C5C2380000BEAA /* MyAppTests */ = {
			isa = PBXNativeTarget;
			buildConfigurationList = A8E1369E19C5C2380000BEAA /* Build configuration list for PBXNativeTarget "MyAppTests" */;
			buildPhases = (
				A8E1368519C5C2380000BEAA /* Sources */,
				A8E1368619C5C2380000BEAA /* Frameworks */,
				A8E1368719C5C2380000BEAA /* Resources */,
			);
			buildRules = (
			);
			dependencies = (
				A8E1369019C5C2380000BEAA /* PBXTargetDependency */,
			);
			name = MyAppTests;
			productName = MyAppTests;
			productReference = A8E1368919C5C2380000BEAA /* MyAppTests.xctest */;
			productType = "com.apple.product-type.bundle.unit-test";
		};
/* End PBXNativeTarget section */

/* Begin PBXProject section */
		A8E1366119C5C2380000BEAA /* Project object */ = {
			isa = PBXProject;
			attributes = {
				CLASSPREFIX = HYZ;
				LastUpgradeCheck = 0510;
				ORGANIZATIONNAME = "韩亚周";
				TargetAttributes = {
					A8E1368819C5C2380000BEAA = {
						TestTargetID = A8E1366819C5C2380000BEAA;
					};
				};
			};
			buildConfigurationList = A8E1366419C5C2380000BEAA /* Build configuration list for PBXProject "MyApp" */;
			compatibilityVersion = "Xcode 3.2";
			developmentRegion = English;
			hasScannedForEncodings = 0;
			knownRegions = (
				en,
			);
			mainGroup = A8E1366019C5C2380000BEAA;
			productRefGroup = A8E1366A19C5C2380000BEAA /* Products */;
			projectDirPath = "";
			projectRoot = "";
			targets = (
				A8E1366819C5C2380000BEAA /* MyApp */,
				A8E1368819C5C2380000BEAA /* MyAppTests */,
			);
		};
/* End PBXProject section */

/* Begin PBXResourcesBuildPhase section */
		A8E1366719C5C2380000BEAA /* Resources */ = {
			isa = PBXResourcesBuildPhase;
			buildActionMask = 2147483647;
			files = (
				A8F63B9019C74CB8009B74FA /* per_fenxiang.png in Resources */,
				A8F63B8F19C74CB8009B74FA /* per_apply.png in Resources */,
				A8F63B7919C73C82009B74FA /* per_bg_2.png in Resources */,
				A8F63B7B19C73DCC009B74FA /* per_bg_11.9.png in Resources */,
				A8E1367919C5C2380000BEAA /* InfoPlist.strings in Resources */,
				A8E136BC19C5C8540000BEAA /* icon_4_n.png in Resources */,
				A8F63B8E19C74CB8009B74FA /* per_address.png in Resources */,
				A8F63B6F19C738A8009B74FA /* home_logo.png in Resources */,
				A8F63B8619C74A54009B74FA /* per_myshop.png in Resources */,
				A8E136CC19C5D8F10000BEAA /* home_icon_picksend.png in Resources */,
				A88404A119EAB2E30010E214 /* pic_empty@2x.png in Resources */,
				A8E136B919C5C8540000BEAA /* icon_2_n@2x.png in Resources */,
				A8E136B819C5C8540000BEAA /* icon_2_n.png in Resources */,
				A8F63B9219C74CB8009B74FA /* per_jianyi.png in Resources */,
				A8B9FD8319C722E800007CBB /* small.png in Resources */,
				A8B9FD8819C7308600007CBB /* per_seting@2x.png in Resources */,
				A8E136CB19C5D8F10000BEAA /* home_icon_jounrry.png in Resources */,
				A8E136BA19C5C8540000BEAA /* icon_3_n.png in Resources */,
				A8F63B8519C74A54009B74FA /* per_myorder.png in Resources */,
				A8E136BB19C5C8540000BEAA /* icon_3_n@2x.png in Resources */,
				A8E136B619C5C8540000BEAA /* icon_1_n.png in Resources */,
				A8F63B9419C74CB8009B74FA /* usercenter_about@2x.png in Resources */,
				3ED6BD2819F77B5C00BE7C12 /* LoginViewController.xib in Resources */,
				A8E136CD19C5D8F10000BEAA /* home_icon_send.png in Resources */,
				A8F63B8419C74A54009B74FA /* per_mycount.png in Resources */,
				A884049D19EAAA7B0010E214 /* ic_message_express@2x.png in Resources */,
				A8E136B719C5C8540000BEAA /* icon_1_n@2x.png in Resources */,
				A884049F19EAAA7B0010E214 /* ic_message_system@2x.png in Resources */,
				A8F63B7319C73AA6009B74FA /* icon_detail_dark@2x.png in Resources */,
				A8F63B9319C74CB8009B74FA /* per_yaoqin.png in Resources */,
				A8F63B7019C738A8009B74FA /* home_logo@2x.png in Resources */,
				A8E136C419C5D0EA0000BEAA /* home_titleicon.png in Resources */,
				A8E1368419C5C2380000BEAA /* Images.xcassets in Resources */,
				A8F63B7419C73AA6009B74FA /* usercenter_info_arrow@2x.png in Resources */,
				A8B9FD8519C7302D00007CBB /* per_seting.png in Resources */,
				A8F63B9119C74CB8009B74FA /* per_goods.png in Resources */,
				A8E136BD19C5C8540000BEAA /* icon_4_n@2x.png in Resources */,
				A884049E19EAAA7B0010E214 /* ic_message_neaby@2x.png in Resources */,
			);
			runOnlyForDeploymentPostprocessing = 0;
		};
		A8E1368719C5C2380000BEAA /* Resources */ = {
			isa = PBXResourcesBuildPhase;
			buildActionMask = 2147483647;
			files = (
				A8E1369619C5C2380000BEAA /* InfoPlist.strings in Resources */,
			);
			runOnlyForDeploymentPostprocessing = 0;
		};
/* End PBXResourcesBuildPhase section */

/* Begin PBXSourcesBuildPhase section */
		A8E1366519C5C2380000BEAA /* Sources */ = {
			isa = PBXSourcesBuildPhase;
			buildActionMask = 2147483647;
			files = (
				3ED6BD1319F77B4500BE7C12 /* HYZCustomCell.m in Sources */,
				3ED6BCDB19F77A0C00BE7C12 /* JSONModelError.m in Sources */,
				3ED6BD2719F77B5C00BE7C12 /* LoginViewController.m in Sources */,
				3ED6BCD819F77A0C00BE7C12 /* JSONModel.m in Sources */,
				3ED6BD1419F77B4500BE7C12 /* HYZTableViewCell.m in Sources */,
				3ED6BD2519F77B5C00BE7C12 /* HYZMineViewController.m in Sources */,
				3ED6BCAF19F7775D00BE7C12 /* PublicConfig.m in Sources */,
				A8E1368219C5C2380000BEAA /* MyApp.xcdatamodeld in Sources */,
				3ED6BD0919F77A3A00BE7C12 /* UIButton+WebCache.m in Sources */,
				3ED6BD0819F77A3A00BE7C12 /* SDWebImagePrefetcher.m in Sources */,
				3ED6BCD719F77A0C00BE7C12 /* JSONModel+CoreData.m in Sources */,
				3ED6BCD919F77A0C00BE7C12 /* JSONModelArray.m in Sources */,
				3ED6BD2219F77B5C00BE7C12 /* HYZCustomNavigationController.m in Sources */,
				3ED6BD0D19F77A3A00BE7C12 /* UIImageView+WebCache.m in Sources */,
				3ED6BD0719F77A3A00BE7C12 /* SDWebImageManager.m in Sources */,
				3ED6BD2619F77B5C00BE7C12 /* HYZNearViewController.m in Sources */,
				3ED6BCDA19F77A0C00BE7C12 /* JSONModelClassProperty.m in Sources */,
				3ED6BD0119F77A3A00BE7C12 /* NSData+GIF.m in Sources */,
				3ED6BCDF19F77A0C00BE7C12 /* JSONModel+networking.m in Sources */,
				3ED6BD2419F77B5C00BE7C12 /* HYZMessageViewController.m in Sources */,
				3ED6BD0A19F77A3A00BE7C12 /* UIImage+GIF.m in Sources */,
				3ED6BCB619F7782900BE7C12 /* BaseDataApi.m in Sources */,
				3ED6BCDD19F77A0C00BE7C12 /* JSONAPI.m in Sources */,
				A8E1367F19C5C2380000BEAA /* HYZAppDelegate.m in Sources */,
				3ED6BD0B19F77A3A00BE7C12 /* UIImage+MultiFormat.m in Sources */,
				3ED6BD0619F77A3A00BE7C12 /* SDWebImageDownloaderOperation.m in Sources */,
				3ED6BCE119F77A0C00BE7C12 /* JSONValueTransformer.m in Sources */,
				3ED6BCE019F77A0C00BE7C12 /* JSONKeyMapper.m in Sources */,
				3ED6BCDC19F77A0C00BE7C12 /* NSArray+JSONModel.m in Sources */,
				3ED6BD2319F77B5C00BE7C12 /* HYZMainViewController.m in Sources */,
				3ED6BD0419F77A3A00BE7C12 /* SDWebImageDecoder.m in Sources */,
				3ED6BD0C19F77A3A00BE7C12 /* UIImage+WebP.m in Sources */,
				3ED6BD0319F77A3A00BE7C12 /* SDWebImageCompat.m in Sources */,
				A8E1367B19C5C2380000BEAA /* main.m in Sources */,
				3ED6BD0519F77A3A00BE7C12 /* SDWebImageDownloader.m in Sources */,
				3ED6BD0019F77A3A00BE7C12 /* MKAnnotationView+WebCache.m in Sources */,
				3ED6BCDE19F77A0C00BE7C12 /* JSONHTTPClient.m in Sources */,
				3ED6BCBA19F778E400BE7C12 /* MBProgressHUD.m in Sources */,
				3ED6BD0219F77A3A00BE7C12 /* SDImageCache.m in Sources */,
			);
			runOnlyForDeploymentPostprocessing = 0;
		};
		A8E1368519C5C2380000BEAA /* Sources */ = {
			isa = PBXSourcesBuildPhase;
			buildActionMask = 2147483647;
			files = (
				A8E1369819C5C2380000BEAA /* MyAppTests.m in Sources */,
			);
			runOnlyForDeploymentPostprocessing = 0;
		};
/* End PBXSourcesBuildPhase section */

/* Begin PBXTargetDependency section */
		A8E1369019C5C2380000BEAA /* PBXTargetDependency */ = {
			isa = PBXTargetDependency;
			target = A8E1366819C5C2380000BEAA /* MyApp */;
			targetProxy = A8E1368F19C5C2380000BEAA /* PBXContainerItemProxy */;
		};
/* End PBXTargetDependency section */

/* Begin PBXVariantGroup section */
		A8E1367719C5C2380000BEAA /* InfoPlist.strings */ = {
			isa = PBXVariantGroup;
			children = (
				A8E1367819C5C2380000BEAA /* en */,
			);
			name = InfoPlist.strings;
			sourceTree = "<group>";
		};
		A8E1369419C5C2380000BEAA /* InfoPlist.strings */ = {
			isa = PBXVariantGroup;
			children = (
				A8E1369519C5C2380000BEAA /* en */,
			);
			name = InfoPlist.strings;
			sourceTree = "<group>";
		};
/* End PBXVariantGroup section */

/* Begin XCBuildConfiguration section */
		A8E1369919C5C2380000BEAA /* Debug */ = {
			isa = XCBuildConfiguration;
			buildSettings = {
				ALWAYS_SEARCH_USER_PATHS = NO;
				CLANG_CXX_LANGUAGE_STANDARD = "gnu++0x";
				CLANG_CXX_LIBRARY = "libc++";
				CLANG_ENABLE_MODULES = YES;
				CLANG_ENABLE_OBJC_ARC = YES;
				CLANG_WARN_BOOL_CONVERSION = YES;
				CLANG_WARN_CONSTANT_CONVERSION = YES;
				CLANG_WARN_DIRECT_OBJC_ISA_USAGE = YES_ERROR;
				CLANG_WARN_EMPTY_BODY = YES;
				CLANG_WARN_ENUM_CONVERSION = YES;
				CLANG_WARN_INT_CONVERSION = YES;
				CLANG_WARN_OBJC_ROOT_CLASS = YES_ERROR;
				CLANG_WARN__DUPLICATE_METHOD_MATCH = YES;
				"CODE_SIGN_IDENTITY[sdk=iphoneos*]" = "iPhone Developer";
				COPY_PHASE_STRIP = NO;
				GCC_C_LANGUAGE_STANDARD = gnu99;
				GCC_DYNAMIC_NO_PIC = NO;
				GCC_OPTIMIZATION_LEVEL = 0;
				GCC_PREPROCESSOR_DEFINITIONS = (
					"DEBUG=1",
					"$(inherited)",
				);
				GCC_SYMBOLS_PRIVATE_EXTERN = NO;
				GCC_WARN_64_TO_32_BIT_CONVERSION = YES;
				GCC_WARN_ABOUT_RETURN_TYPE = YES_ERROR;
				GCC_WARN_UNDECLARED_SELECTOR = YES;
				GCC_WARN_UNINITIALIZED_AUTOS = YES_AGGRESSIVE;
				GCC_WARN_UNUSED_FUNCTION = YES;
				GCC_WARN_UNUSED_VARIABLE = YES;
				IPHONEOS_DEPLOYMENT_TARGET = 7.1;
				ONLY_ACTIVE_ARCH = YES;
				SDKROOT = iphoneos;
			};
			name = Debug;
		};
		A8E1369A19C5C2380000BEAA /* Release */ = {
			isa = XCBuildConfiguration;
			buildSettings = {
				ALWAYS_SEARCH_USER_PATHS = NO;
				CLANG_CXX_LANGUAGE_STANDARD = "gnu++0x";
				CLANG_CXX_LIBRARY = "libc++";
				CLANG_ENABLE_MODULES = YES;
				CLANG_ENABLE_OBJC_ARC = YES;
				CLANG_WARN_BOOL_CONVERSION = YES;
				CLANG_WARN_CONSTANT_CONVERSION = YES;
				CLANG_WARN_DIRECT_OBJC_ISA_USAGE = YES_ERROR;
				CLANG_WARN_EMPTY_BODY = YES;
				CLANG_WARN_ENUM_CONVERSION = YES;
				CLANG_WARN_INT_CONVERSION = YES;
				CLANG_WARN_OBJC_ROOT_CLASS = YES_ERROR;
				CLANG_WARN__DUPLICATE_METHOD_MATCH = YES;
				"CODE_SIGN_IDENTITY[sdk=iphoneos*]" = "iPhone Developer";
				COPY_PHASE_STRIP = YES;
				ENABLE_NS_ASSERTIONS = NO;
				GCC_C_LANGUAGE_STANDARD = gnu99;
				GCC_WARN_64_TO_32_BIT_CONVERSION = YES;
				GCC_WARN_ABOUT_RETURN_TYPE = YES_ERROR;
				GCC_WARN_UNDECLARED_SELECTOR = YES;
				GCC_WARN_UNINITIALIZED_AUTOS = YES_AGGRESSIVE;
				GCC_WARN_UNUSED_FUNCTION = YES;
				GCC_WARN_UNUSED_VARIABLE = YES;
				IPHONEOS_DEPLOYMENT_TARGET = 7.1;
				SDKROOT = iphoneos;
				VALIDATE_PRODUCT = YES;
			};
			name = Release;
		};
		A8E1369C19C5C2380000BEAA /* Debug */ = {
			isa = XCBuildConfiguration;
			buildSettings = {
				ASSETCATALOG_COMPILER_APPICON_NAME = AppIcon;
				ASSETCATALOG_COMPILER_LAUNCHIMAGE_NAME = LaunchImage;
				GCC_PRECOMPILE_PREFIX_HEADER = YES;
				GCC_PREFIX_HEADER = "MyApp/MyApp-Prefix.pch";
				INFOPLIST_FILE = "MyApp/MyApp-Info.plist";
				IPHONEOS_DEPLOYMENT_TARGET = 7.0;
				PRODUCT_NAME = "$(TARGET_NAME)";
				WRAPPER_EXTENSION = app;
			};
			name = Debug;
		};
		A8E1369D19C5C2380000BEAA /* Release */ = {
			isa = XCBuildConfiguration;
			buildSettings = {
				ASSETCATALOG_COMPILER_APPICON_NAME = AppIcon;
				ASSETCATALOG_COMPILER_LAUNCHIMAGE_NAME = LaunchImage;
				GCC_PRECOMPILE_PREFIX_HEADER = YES;
				GCC_PREFIX_HEADER = "MyApp/MyApp-Prefix.pch";
				INFOPLIST_FILE = "MyApp/MyApp-Info.plist";
				IPHONEOS_DEPLOYMENT_TARGET = 7.0;
				PRODUCT_NAME = "$(TARGET_NAME)";
				WRAPPER_EXTENSION = app;
			};
			name = Release;
		};
		A8E1369F19C5C2380000BEAA /* Debug */ = {
			isa = XCBuildConfiguration;
			buildSettings = {
				BUNDLE_LOADER = "$(BUILT_PRODUCTS_DIR)/MyApp.app/MyApp";
				FRAMEWORK_SEARCH_PATHS = (
					"$(SDKROOT)/Developer/Library/Frameworks",
					"$(inherited)",
					"$(DEVELOPER_FRAMEWORKS_DIR)",
				);
				GCC_PRECOMPILE_PREFIX_HEADER = YES;
				GCC_PREFIX_HEADER = "MyApp/MyApp-Prefix.pch";
				GCC_PREPROCESSOR_DEFINITIONS = (
					"DEBUG=1",
					"$(inherited)",
				);
				INFOPLIST_FILE = "MyAppTests/MyAppTests-Info.plist";
				PRODUCT_NAME = "$(TARGET_NAME)";
				TEST_HOST = "$(BUNDLE_LOADER)";
				WRAPPER_EXTENSION = xctest;
			};
			name = Debug;
		};
		A8E136A019C5C2380000BEAA /* Release */ = {
			isa = XCBuildConfiguration;
			buildSettings = {
				BUNDLE_LOADER = "$(BUILT_PRODUCTS_DIR)/MyApp.app/MyApp";
				FRAMEWORK_SEARCH_PATHS = (
					"$(SDKROOT)/Developer/Library/Frameworks",
					"$(inherited)",
					"$(DEVELOPER_FRAMEWORKS_DIR)",
				);
				GCC_PRECOMPILE_PREFIX_HEADER = YES;
				GCC_PREFIX_HEADER = "MyApp/MyApp-Prefix.pch";
				INFOPLIST_FILE = "MyAppTests/MyAppTests-Info.plist";
				PRODUCT_NAME = "$(TARGET_NAME)";
				TEST_HOST = "$(BUNDLE_LOADER)";
				WRAPPER_EXTENSION = xctest;
			};
			name = Release;
		};
/* End XCBuildConfiguration section */

/* Begin XCConfigurationList section */
		A8E1366419C5C2380000BEAA /* Build configuration list for PBXProject "MyApp" */ = {
			isa = XCConfigurationList;
			buildConfigurations = (
				A8E1369919C5C2380000BEAA /* Debug */,
				A8E1369A19C5C2380000BEAA /* Release */,
			);
			defaultConfigurationIsVisible = 0;
			defaultConfigurationName = Release;
		};
		A8E1369B19C5C2380000BEAA /* Build configuration list for PBXNativeTarget "MyApp" */ = {
			isa = XCConfigurationList;
			buildConfigurations = (
				A8E1369C19C5C2380000BEAA /* Debug */,
				A8E1369D19C5C2380000BEAA /* Release */,
			);
			defaultConfigurationIsVisible = 0;
			defaultConfigurationName = Release;
		};
		A8E1369E19C5C2380000BEAA /* Build configuration list for PBXNativeTarget "MyAppTests" */ = {
			isa = XCConfigurationList;
			buildConfigurations = (
				A8E1369F19C5C2380000BEAA /* Debug */,
				A8E136A019C5C2380000BEAA /* Release */,
			);
			defaultConfigurationIsVisible = 0;
			defaultConfigurationName = Release;
		};
/* End XCConfigurationList section */

/* Begin XCVersionGroup section */
		A8E1368019C5C2380000BEAA /* MyApp.xcdatamodeld */ = {
			isa = XCVersionGroup;
			children = (
				A8E1368119C5C2380000BEAA /* MyApp.xcdatamodel */,
			);
			currentVersion = A8E1368119C5C2380000BEAA /* MyApp.xcdatamodel */;
			path = MyApp.xcdatamodeld;
			sourceTree = "<group>";
			versionGroupType = wrapper.xcdatamodel;
		};
/* End XCVersionGroup section */
	};
	rootObject = A8E1366119C5C2380000BEAA /* Project object */;
}
